
Microsoft Visual Studio Solution File, Format Version 12.00
# Visual Studio 14
VisualStudioVersion = 14.0.25123.0
MinimumVisualStudioVersion = 10.0.40219.1
Project("{FAE04EC0-301F-11D3-BF4B-00C04F79EFBC}") = "NewGameProject", "NewGameProject\NewGameProject.csproj", "{626C4185-9B59-4002-91EE-9502B31D9348}"
EndProject
Global
	GlobalSection(SolutionConfigurationPlatforms) = preSolution
		Debug|x86 = Debug|x86
		Release|x86 = Release|x86
	EndGlobalSection
	GlobalSection(ProjectConfigurationPlatforms) = postSolution
		{626C4185-9B59-4002-91EE-9502B31D9348}.Debug|x86.ActiveCfg = Debug|x86
		{626C4185-9B59-4002-91EE-9502B31D9348}.Debug|x86.Build.0 = Debug|x86
		{626C4185-9B59-4002-91EE-9502B31D9348}.Release|x86.ActiveCfg = Release|x86
		{626C4185-9B59-4002-91EE-9502B31D9348}.Release|x86.Build.0 = Release|x86
	EndGlobalSection
	GlobalSection(SolutionProperties) = preSolution
		HideSolutionNode = FALSE
	EndGlobalSection
EndGlobal
