
Microsoft Visual Studio Solution File, Format Version 12.00
# Visual Studio 14
VisualStudioVersion = 14.0.25420.1
MinimumVisualStudioVersion = 10.0.40219.1
Project("{FAE04EC0-301F-11D3-BF4B-00C04F79EFBC}") = "WindowsFormsApplication1", "WindowsFormsApplication1\WindowsFormsApplication1.csproj", "{7A7F751D-44D8-447A-80C9-7E750C72ACC3}"
EndProject
Global
	GlobalSection(SolutionConfigurationPlatforms) = preSolution
		Debug|Any CPU = Debug|Any CPU
		Release|Any CPU = Release|Any CPU
	EndGlobalSection
	GlobalSection(ProjectConfigurationPlatforms) = postSolution
		{7A7F751D-44D8-447A-80C9-7E750C72ACC3}.Debug|Any CPU.ActiveCfg = Debug|Any CPU
		{7A7F751D-44D8-447A-80C9-7E750C72ACC3}.Debug|Any CPU.Build.0 = Debug|Any CPU
		{7A7F751D-44D8-447A-80C9-7E750C72ACC3}.Release|Any CPU.ActiveCfg = Release|Any CPU
		{7A7F751D-44D8-447A-80C9-7E750C72ACC3}.Release|Any CPU.Build.0 = Release|Any CPU
	EndGlobalSection
	GlobalSection(SolutionProperties) = preSolution
		HideSolutionNode = FALSE
	EndGlobalSection
EndGlobal
